# This file is @generated by PDM.
# It is not intended for manual editing.

[metadata]
groups = ["default"]
strategy = ["cross_platform", "inherit_metadata"]
lock_version = "4.4.1"
content_hash = "sha256:ea6ac599c341ee52d5281d9045c9e91f9273d0dccdae2026401ec8a95faaa29e"

[[package]]
name = "alembic"
version = "1.13.1"
requires_python = ">=3.8"
summary = "A database migration tool for SQLAlchemy."
groups = ["default"]
dependencies = [
    "Mako",
    "SQLAlchemy>=1.3.0",
    "typing-extensions>=4",
]
files = [
    {file = "alembic-1.13.1-py3-none-any.whl", hash = "sha256:2edcc97bed0bd3272611ce3a98d98279e9c209e7186e43e75bbb1b2bdfdbcc43"},
    {file = "alembic-1.13.1.tar.gz", hash = "sha256:4932c8558bf68f2ee92b9bbcb8218671c627064d5b08939437af6d77dc05e595"},
]

[[package]]
name = "annotated-types"
version = "0.6.0"
requires_python = ">=3.8"
summary = "Reusable constraint types to use with typing.Annotated"
groups = ["default"]
files = [
    {file = "annotated_types-0.6.0-py3-none-any.whl", hash = "sha256:0641064de18ba7a25dee8f96403ebc39113d0cb953a01429249d5c7564666a43"},
    {file = "annotated_types-0.6.0.tar.gz", hash = "sha256:563339e807e53ffd9c267e99fc6d9ea23eb8443c08f112651963e24e22f84a5d"},
]

[[package]]
name = "greenlet"
version = "3.0.3"
requires_python = ">=3.7"
summary = "Lightweight in-process concurrent programming"
groups = ["default"]
marker = "platform_machine == \"win32\" or platform_machine == \"WIN32\" or platform_machine == \"AMD64\" or platform_machine == \"amd64\" or platform_machine == \"x86_64\" or platform_machine == \"ppc64le\" or platform_machine == \"aarch64\""
files = [
    {file = "greenlet-3.0.3-cp311-cp311-macosx_11_0_universal2.whl", hash = "sha256:b1b5667cced97081bf57b8fa1d6bfca67814b0afd38208d52538316e9422fc61"},
    {file = "greenlet-3.0.3-cp311-cp311-manylinux_2_17_aarch64.manylinux2014_aarch64.whl", hash = "sha256:52f59dd9c96ad2fc0d5724107444f76eb20aaccb675bf825df6435acb7703559"},
    {file = "greenlet-3.0.3-cp311-cp311-manylinux_2_17_ppc64le.manylinux2014_ppc64le.whl", hash = "sha256:afaff6cf5200befd5cec055b07d1c0a5a06c040fe5ad148abcd11ba6ab9b114e"},
    {file = "greenlet-3.0.3-cp311-cp311-manylinux_2_17_s390x.manylinux2014_s390x.whl", hash = "sha256:fe754d231288e1e64323cfad462fcee8f0288654c10bdf4f603a39ed923bef33"},
    {file = "greenlet-3.0.3-cp311-cp311-manylinux_2_17_x86_64.manylinux2014_x86_64.whl", hash = "sha256:2797aa5aedac23af156bbb5a6aa2cd3427ada2972c828244eb7d1b9255846379"},
    {file = "greenlet-3.0.3-cp311-cp311-manylinux_2_24_x86_64.manylinux_2_28_x86_64.whl", hash = "sha256:b7f009caad047246ed379e1c4dbcb8b020f0a390667ea74d2387be2998f58a22"},
    {file = "greenlet-3.0.3-cp311-cp311-musllinux_1_1_aarch64.whl", hash = "sha256:c5e1536de2aad7bf62e27baf79225d0d64360d4168cf2e6becb91baf1ed074f3"},
    {file = "greenlet-3.0.3-cp311-cp311-musllinux_1_1_x86_64.whl", hash = "sha256:894393ce10ceac937e56ec00bb71c4c2f8209ad516e96033e4b3b1de270e200d"},
    {file = "greenlet-3.0.3-cp311-cp311-win_amd64.whl", hash = "sha256:1ea188d4f49089fc6fb283845ab18a2518d279c7cd9da1065d7a84e991748728"},
    {file = "greenlet-3.0.3.tar.gz", hash = "sha256:43374442353259554ce33599da8b692d5aa96f8976d567d4badf263371fbe491"},
]

[[package]]
name = "mako"
version = "1.3.2"
requires_python = ">=3.8"
summary = "A super-fast templating language that borrows the best ideas from the existing templating languages."
groups = ["default"]
dependencies = [
    "MarkupSafe>=0.9.2",
]
files = [
    {file = "Mako-1.3.2-py3-none-any.whl", hash = "sha256:32a99d70754dfce237019d17ffe4a282d2d3351b9c476e90d8a60e63f133b80c"},
    {file = "Mako-1.3.2.tar.gz", hash = "sha256:2a0c8ad7f6274271b3bb7467dd37cf9cc6dab4bc19cb69a4ef10669402de698e"},
]

[[package]]
name = "markupsafe"
version = "2.1.5"
requires_python = ">=3.7"
summary = "Safely add untrusted strings to HTML/XML markup."
groups = ["default"]
files = [
    {file = "MarkupSafe-2.1.5-cp311-cp311-macosx_10_9_universal2.whl", hash = "sha256:629ddd2ca402ae6dbedfceeba9c46d5f7b2a61d9749597d4307f943ef198fc1f"},
    {file = "MarkupSafe-2.1.5-cp311-cp311-macosx_10_9_x86_64.whl", hash = "sha256:5b7b716f97b52c5a14bffdf688f971b2d5ef4029127f1ad7a513973cfd818df2"},
    {file = "MarkupSafe-2.1.5-cp311-cp311-manylinux_2_17_aarch64.manylinux2014_aarch64.whl", hash = "sha256:6ec585f69cec0aa07d945b20805be741395e28ac1627333b1c5b0105962ffced"},
    {file = "MarkupSafe-2.1.5-cp311-cp311-manylinux_2_17_x86_64.manylinux2014_x86_64.whl", hash = "sha256:b91c037585eba9095565a3556f611e3cbfaa42ca1e865f7b8015fe5c7336d5a5"},
    {file = "MarkupSafe-2.1.5-cp311-cp311-manylinux_2_5_i686.manylinux1_i686.manylinux_2_17_i686.manylinux2014_i686.whl", hash = "sha256:7502934a33b54030eaf1194c21c692a534196063db72176b0c4028e140f8f32c"},
    {file = "MarkupSafe-2.1.5-cp311-cp311-musllinux_1_1_aarch64.whl", hash = "sha256:0e397ac966fdf721b2c528cf028494e86172b4feba51d65f81ffd65c63798f3f"},
    {file = "MarkupSafe-2.1.5-cp311-cp311-musllinux_1_1_i686.whl", hash = "sha256:c061bb86a71b42465156a3ee7bd58c8c2ceacdbeb95d05a99893e08b8467359a"},
    {file = "MarkupSafe-2.1.5-cp311-cp311-musllinux_1_1_x86_64.whl", hash = "sha256:3a57fdd7ce31c7ff06cdfbf31dafa96cc533c21e443d57f5b1ecc6cdc668ec7f"},
    {file = "MarkupSafe-2.1.5-cp311-cp311-win32.whl", hash = "sha256:397081c1a0bfb5124355710fe79478cdbeb39626492b15d399526ae53422b906"},
    {file = "MarkupSafe-2.1.5-cp311-cp311-win_amd64.whl", hash = "sha256:2b7c57a4dfc4f16f7142221afe5ba4e093e09e728ca65c51f5620c9aaeb9a617"},
    {file = "MarkupSafe-2.1.5.tar.gz", hash = "sha256:d283d37a890ba4c1ae73ffadf8046435c76e7bc2247bbb63c00bd1a709c6544b"},
]

[[package]]
name = "pydantic"
version = "2.6.1"
requires_python = ">=3.8"
summary = "Data validation using Python type hints"
groups = ["default"]
dependencies = [
    "annotated-types>=0.4.0",
    "pydantic-core==2.16.2",
    "typing-extensions>=4.6.1",
]
files = [
    {file = "pydantic-2.6.1-py3-none-any.whl", hash = "sha256:0b6a909df3192245cb736509a92ff69e4fef76116feffec68e93a567347bae6f"},
    {file = "pydantic-2.6.1.tar.gz", hash = "sha256:4fd5c182a2488dc63e6d32737ff19937888001e2a6d86e94b3f233104a5d1fa9"},
]

[[package]]
name = "pydantic-core"
version = "2.16.2"
requires_python = ">=3.8"
summary = ""
groups = ["default"]
dependencies = [
    "typing-extensions!=4.7.0,>=4.6.0",
]
files = [
    {file = "pydantic_core-2.16.2-cp311-cp311-macosx_10_12_x86_64.whl", hash = "sha256:406fac1d09edc613020ce9cf3f2ccf1a1b2f57ab00552b4c18e3d5276c67eb11"},
    {file = "pydantic_core-2.16.2-cp311-cp311-macosx_11_0_arm64.whl", hash = "sha256:ce232a6170dd6532096cadbf6185271e4e8c70fc9217ebe105923ac105da9978"},
    {file = "pydantic_core-2.16.2-cp311-cp311-manylinux_2_17_aarch64.manylinux2014_aarch64.whl", hash = "sha256:a90fec23b4b05a09ad988e7a4f4e081711a90eb2a55b9c984d8b74597599180f"},
    {file = "pydantic_core-2.16.2-cp311-cp311-manylinux_2_17_armv7l.manylinux2014_armv7l.whl", hash = "sha256:8aafeedb6597a163a9c9727d8a8bd363a93277701b7bfd2749fbefee2396469e"},
    {file = "pydantic_core-2.16.2-cp311-cp311-manylinux_2_17_ppc64le.manylinux2014_ppc64le.whl", hash = "sha256:9957433c3a1b67bdd4c63717eaf174ebb749510d5ea612cd4e83f2d9142f3fc8"},
    {file = "pydantic_core-2.16.2-cp311-cp311-manylinux_2_17_s390x.manylinux2014_s390x.whl", hash = "sha256:b0d7a9165167269758145756db43a133608a531b1e5bb6a626b9ee24bc38a8f7"},
    {file = "pydantic_core-2.16.2-cp311-cp311-manylinux_2_17_x86_64.manylinux2014_x86_64.whl", hash = "sha256:dffaf740fe2e147fedcb6b561353a16243e654f7fe8e701b1b9db148242e1272"},
    {file = "pydantic_core-2.16.2-cp311-cp311-manylinux_2_5_i686.manylinux1_i686.whl", hash = "sha256:f8ed79883b4328b7f0bd142733d99c8e6b22703e908ec63d930b06be3a0e7113"},
    {file = "pydantic_core-2.16.2-cp311-cp311-musllinux_1_1_aarch64.whl", hash = "sha256:cf903310a34e14651c9de056fcc12ce090560864d5a2bb0174b971685684e1d8"},
    {file = "pydantic_core-2.16.2-cp311-cp311-musllinux_1_1_x86_64.whl", hash = "sha256:46b0d5520dbcafea9a8645a8164658777686c5c524d381d983317d29687cce97"},
    {file = "pydantic_core-2.16.2-cp311-none-win32.whl", hash = "sha256:70651ff6e663428cea902dac297066d5c6e5423fda345a4ca62430575364d62b"},
    {file = "pydantic_core-2.16.2-cp311-none-win_amd64.whl", hash = "sha256:98dc6f4f2095fc7ad277782a7c2c88296badcad92316b5a6e530930b1d475ebc"},
    {file = "pydantic_core-2.16.2-cp311-none-win_arm64.whl", hash = "sha256:ef6113cd31411eaf9b39fc5a8848e71c72656fd418882488598758b2c8c6dfa0"},
    {file = "pydantic_core-2.16.2-pp310-pypy310_pp73-macosx_10_12_x86_64.whl", hash = "sha256:5f60f920691a620b03082692c378661947d09415743e437a7478c309eb0e4f82"},
    {file = "pydantic_core-2.16.2-pp310-pypy310_pp73-macosx_11_0_arm64.whl", hash = "sha256:47924039e785a04d4a4fa49455e51b4eb3422d6eaacfde9fc9abf8fdef164e8a"},
    {file = "pydantic_core-2.16.2-pp310-pypy310_pp73-manylinux_2_17_aarch64.manylinux2014_aarch64.whl", hash = "sha256:e6294e76b0380bb7a61eb8a39273c40b20beb35e8c87ee101062834ced19c545"},
    {file = "pydantic_core-2.16.2-pp310-pypy310_pp73-manylinux_2_17_x86_64.manylinux2014_x86_64.whl", hash = "sha256:fe56851c3f1d6f5384b3051c536cc81b3a93a73faf931f404fef95217cf1e10d"},
    {file = "pydantic_core-2.16.2-pp310-pypy310_pp73-manylinux_2_5_i686.manylinux1_i686.whl", hash = "sha256:9d776d30cde7e541b8180103c3f294ef7c1862fd45d81738d156d00551005784"},
    {file = "pydantic_core-2.16.2-pp310-pypy310_pp73-musllinux_1_1_aarch64.whl", hash = "sha256:72f7919af5de5ecfaf1eba47bf9a5d8aa089a3340277276e5636d16ee97614d7"},
    {file = "pydantic_core-2.16.2-pp310-pypy310_pp73-musllinux_1_1_x86_64.whl", hash = "sha256:4bfcbde6e06c56b30668a0c872d75a7ef3025dc3c1823a13cf29a0e9b33f67e8"},
    {file = "pydantic_core-2.16.2-pp310-pypy310_pp73-win_amd64.whl", hash = "sha256:ff7c97eb7a29aba230389a2661edf2e9e06ce616c7e35aa764879b6894a44b25"},
    {file = "pydantic_core-2.16.2-pp39-pypy39_pp73-macosx_10_12_x86_64.whl", hash = "sha256:9b5f13857da99325dcabe1cc4e9e6a3d7b2e2c726248ba5dd4be3e8e4a0b6d0e"},
    {file = "pydantic_core-2.16.2-pp39-pypy39_pp73-macosx_11_0_arm64.whl", hash = "sha256:a7e41e3ada4cca5f22b478c08e973c930e5e6c7ba3588fb8e35f2398cdcc1545"},
    {file = "pydantic_core-2.16.2-pp39-pypy39_pp73-manylinux_2_17_aarch64.manylinux2014_aarch64.whl", hash = "sha256:60eb8ceaa40a41540b9acae6ae7c1f0a67d233c40dc4359c256ad2ad85bdf5e5"},
    {file = "pydantic_core-2.16.2-pp39-pypy39_pp73-manylinux_2_17_x86_64.manylinux2014_x86_64.whl", hash = "sha256:7beec26729d496a12fd23cf8da9944ee338c8b8a17035a560b585c36fe81af20"},
    {file = "pydantic_core-2.16.2-pp39-pypy39_pp73-manylinux_2_5_i686.manylinux1_i686.whl", hash = "sha256:22c5f022799f3cd6741e24f0443ead92ef42be93ffda0d29b2597208c94c3753"},
    {file = "pydantic_core-2.16.2-pp39-pypy39_pp73-musllinux_1_1_aarch64.whl", hash = "sha256:eca58e319f4fd6df004762419612122b2c7e7d95ffafc37e890252f869f3fb2a"},
    {file = "pydantic_core-2.16.2-pp39-pypy39_pp73-musllinux_1_1_x86_64.whl", hash = "sha256:ed957db4c33bc99895f3a1672eca7e80e8cda8bd1e29a80536b4ec2153fa9804"},
    {file = "pydantic_core-2.16.2-pp39-pypy39_pp73-win_amd64.whl", hash = "sha256:459c0d338cc55d099798618f714b21b7ece17eb1a87879f2da20a3ff4c7628e2"},
    {file = "pydantic_core-2.16.2.tar.gz", hash = "sha256:0ba503850d8b8dcc18391f10de896ae51d37fe5fe43dbfb6a35c5c5cad271a06"},
]

[[package]]
name = "sqlalchemy"
version = "2.0.25"
requires_python = ">=3.7"
summary = "Database Abstraction Library"
groups = ["default"]
dependencies = [
    "greenlet!=0.4.17; platform_machine == \"win32\" or platform_machine == \"WIN32\" or platform_machine == \"AMD64\" or platform_machine == \"amd64\" or platform_machine == \"x86_64\" or platform_machine == \"ppc64le\" or platform_machine == \"aarch64\"",
    "typing-extensions>=4.6.0",
]
files = [
    {file = "SQLAlchemy-2.0.25-cp311-cp311-macosx_10_9_x86_64.whl", hash = "sha256:342d365988ba88ada8af320d43df4e0b13a694dbd75951f537b2d5e4cb5cd002"},
    {file = "SQLAlchemy-2.0.25-cp311-cp311-macosx_11_0_arm64.whl", hash = "sha256:f37c0caf14b9e9b9e8f6dbc81bc56db06acb4363eba5a633167781a48ef036ed"},
    {file = "SQLAlchemy-2.0.25-cp311-cp311-manylinux_2_17_aarch64.manylinux2014_aarch64.whl", hash = "sha256:aa9373708763ef46782d10e950b49d0235bfe58facebd76917d3f5cbf5971aed"},
    {file = "SQLAlchemy-2.0.25-cp311-cp311-manylinux_2_17_x86_64.manylinux2014_x86_64.whl", hash = "sha256:d24f571990c05f6b36a396218f251f3e0dda916e0c687ef6fdca5072743208f5"},
    {file = "SQLAlchemy-2.0.25-cp311-cp311-musllinux_1_1_aarch64.whl", hash = "sha256:75432b5b14dc2fff43c50435e248b45c7cdadef73388e5610852b95280ffd0e9"},
    {file = "SQLAlchemy-2.0.25-cp311-cp311-musllinux_1_1_x86_64.whl", hash = "sha256:884272dcd3ad97f47702965a0e902b540541890f468d24bd1d98bcfe41c3f018"},
    {file = "SQLAlchemy-2.0.25-cp311-cp311-win32.whl", hash = "sha256:e607cdd99cbf9bb80391f54446b86e16eea6ad309361942bf88318bcd452363c"},
    {file = "SQLAlchemy-2.0.25-cp311-cp311-win_amd64.whl", hash = "sha256:7d505815ac340568fd03f719446a589162d55c52f08abd77ba8964fbb7eb5b5f"},
    {file = "SQLAlchemy-2.0.25-py3-none-any.whl", hash = "sha256:a86b4240e67d4753dc3092d9511886795b3c2852abe599cffe108952f7af7ac3"},
    {file = "SQLAlchemy-2.0.25.tar.gz", hash = "sha256:a2c69a7664fb2d54b8682dd774c3b54f67f84fa123cf84dda2a5f40dcaa04e08"},
]

[[package]]
name = "typing-extensions"
version = "4.9.0"
requires_python = ">=3.8"
summary = "Backported and Experimental Type Hints for Python 3.8+"
groups = ["default"]
files = [
    {file = "typing_extensions-4.9.0-py3-none-any.whl", hash = "sha256:af72aea155e91adfc61c3ae9e0e342dbc0cba726d6cba4b6c72c1f34e47291cd"},
    {file = "typing_extensions-4.9.0.tar.gz", hash = "sha256:23478f88c37f27d76ac8aee6c905017a143b0b1b886c3c9f66bc2fd94f9f5783"},
]
